
Microsoft Visual Studio Solution File, Format Version 12.00
# Visual Studio Version 17
VisualStudioVersion = 17.10.34928.147
MinimumVisualStudioVersion = 10.0.40219.1
Project("{9A19103F-16F7-4668-BE54-9A1E7A4F7556}") = "Entities", "Entities.csproj", "{BF5F5402-D6E2-477E-89C5-62A84B34C46F}"
EndProject
Global
	GlobalSection(SolutionConfigurationPlatforms) = preSolution
		Debug|Any CPU = Debug|Any CPU
		Release|Any CPU = Release|Any CPU
	EndGlobalSection
	GlobalSection(ProjectConfigurationPlatforms) = postSolution
		{BF5F5402-D6E2-477E-89C5-62A84B34C46F}.Debug|Any CPU.ActiveCfg = Debug|Any CPU
		{BF5F5402-D6E2-477E-89C5-62A84B34C46F}.Debug|Any CPU.Build.0 = Debug|Any CPU
		{BF5F5402-D6E2-477E-89C5-62A84B34C46F}.Release|Any CPU.ActiveCfg = Release|Any CPU
		{BF5F5402-D6E2-477E-89C5-62A84B34C46F}.Release|Any CPU.Build.0 = Release|Any CPU
	EndGlobalSection
	GlobalSection(SolutionProperties) = preSolution
		HideSolutionNode = FALSE
	EndGlobalSection
	GlobalSection(ExtensibilityGlobals) = postSolution
		SolutionGuid = {853D7C99-EA8F-408A-A425-F924598C05C8}
	EndGlobalSection
EndGlobal
